{
  "version": 4,
  "terraform_version": "0.12.27",
  "serial": 4,
  "lineage": "4bc73b6f-4ce3-b07e-0e29-95f33c41c418",
  "outputs": {},
  "resources": [
    {
      "mode": "managed",
      "type": "heroku_app",
      "name": "herokuapp",
      "provider": "provider.heroku",
      "instances": [
        {
          "schema_version": 0,
          "attributes": {
            "acm": false,
            "all_config_vars": {
              "REACT_APP_PRD_BACKEND_URL": "https://nchetabackend.herokuapp.com"
            },
            "buildpacks": [
              "heroku/nodejs"
            ],
            "config_vars": {
              "REACT_APP_PRD_BACKEND_URL": "https://nchetabackend.herokuapp.com"
            },
            "git_url": "https://git.heroku.com/nchetatest.git",
            "heroku_hostname": "nchetatest.herokuapp.com",
            "id": "nchetatest",
            "internal_routing": false,
            "name": "nchetatest",
            "organization": [],
            "region": "eu",
            "sensitive_config_vars": {},
            "space": null,
            "stack": "heroku-18",
            "uuid": "ad9d3c66-476e-41b0-a0c7-4688cb4263c3",
            "web_url": "https://nchetatest.herokuapp.com/"
          },
          "private": "bnVsbA=="
        }
      ]
    },
    {
      "mode": "managed",
      "type": "heroku_build",
      "name": "herokuapp",
      "provider": "provider.heroku",
      "instances": [
        {
          "schema_version": 0,
          "attributes": {
            "app": "nchetatest",
            "buildpacks": [
              "https://buildpack-registry.s3.amazonaws.com/buildpacks/heroku/nodejs.tgz"
            ],
            "id": "7b2dee01-11b4-4bb0-924e-33b256372e10",
            "local_checksum": "SHA256:40eb7614def8a05626a5cf99f041546d74ecc9e9f4fa9490510cd9ca079e5096",
            "output_stream_url": "https://build-output.heroku.com/streams/ad/ad9d3c66-476e-41b0-a0c7-4688cb4263c3/logs/7b/7b2dee01-11b4-4bb0-924e-33b256372e10.log?X-Amz-Algorithm=AWS4-HMAC-SHA256\u0026X-Amz-Credential=AKIAIQI6BAUWXGR4S77Q%2F20200703%2Fus-east-1%2Fs3%2Faws4_request\u0026X-Amz-Date=20200703T111034Z\u0026X-Amz-Expires=86400\u0026X-Amz-SignedHeaders=host\u0026X-Amz-Signature=2d86d963a2edf97a9053ae20c9a5e36477f8b77a3ce9c097e81ef47106b60825",
            "release_id": "9a279294-5ed0-4d97-9c48-8a161610877a",
            "slug_id": "de924100-4b1d-4d39-91cc-df5e739f2a5e",
            "source": {
              "path": "/Users/ekeneattoh/Documents/Portfolio_and_Personal_Documents/anniversaryfrontend"
            },
            "stack": "heroku-18",
            "status": "succeeded",
            "user": {
              "email": "nchetaeu@gmail.com",
              "id": "6a6a1d0d-02fd-462e-a3d3-0924b57e52b1"
            },
            "uuid": "7b2dee01-11b4-4bb0-924e-33b256372e10"
          },
          "private": "bnVsbA==",
          "dependencies": [
            "heroku_app.herokuapp"
          ]
        }
      ]
    },
    {
      "mode": "managed",
      "type": "heroku_formation",
      "name": "herokuapp",
      "provider": "provider.heroku",
      "instances": [
        {
          "schema_version": 0,
          "attributes": {
            "app": "nchetatest",
            "id": "0a63fe70-9ffa-426b-a6ca-44e12ee704bb",
            "quantity": 1,
            "size": "Standard-1X",
            "type": "web"
          },
          "private": "bnVsbA==",
          "dependencies": [
            "heroku_app.herokuapp",
            "heroku_build.herokuapp"
          ]
        }
      ]
    }
  ]
}
